github.com/bep/hugo-fresh v1.0.0 h1:JmyQhhirBhUGWHsCAELNhKyUY6DtBxrZQGazHbBDZFg=
github.com/bep/hugo-fresh v1.0.0/go.mod h1:UJ5khYATP9RHLWgL/0b2JYcFZWdyLHnvj8wi0x/Y0fI=
github.com/bep/hugo-fresh v1.0.1/go.mod h1:UJ5khYATP9RHLWgL/0b2JYcFZWdyLHnvj8wi0x/Y0fI=
github.com/bep/hugotestmods v0.0.0-20190503114332-06c0d9817891 h1:nYsIShiDZXLDLRbjHvX9ACoRPKndOxc8Z21FYMSZ1pw=
github.com/bep/hugotestmods/mypartials v1.0.0 h1:HqCAAyCAgIOUIUJelJkOwVQtoW8Gk30R8hlH4VDV6lg=
github.com/bep/hugotestmods/mypartials v1.0.0/go.mod h1:+7NpgQU+Ba+TzSvKgyHnEyLt+sx82Sk2f5eCVIa4Tv4=
github.com/bep/hugotestmods/mypartials v1.0.1/go.mod h1:+7NpgQU+Ba+TzSvKgyHnEyLt+sx82Sk2f5eCVIa4Tv4=
github.com/bep/hugotestmods/mypartials v1.0.2/go.mod h1:+7NpgQU+Ba+TzSvKgyHnEyLt+sx82Sk2f5eCVIa4Tv4=
github.com/bep/hugotestmods/myshortcodes v1.0.0 h1:TDNa90xGVdD5qq7IEpABG1OtiNHDyefk2kWCVn45SiU=
github.com/bep/hugotestmods/myshortcodes v1.0.0/go.mod h1:nlhUeKgz07ejqueXmP5pUgRmgoO7SGqSlo4psw80muU=
