github.com/bep/hugotestmods v0.0.0-20190604083900-a4c456c8a91c h1:92Ol/PBxFNz6nypoXm73BPRdM1ZnggGw0nrG8jf6i+k=
github.com/bep/hugotestmods/myassets v1.0.3/go.mod h1:yMlFSL9pjn6K4otaMRzPv6YlaPqXee9/t05D2/HtfTY=
github.com/bep/hugotestmods/mymounts v1.2.0 h1:1Li0CppU5rsmxTDpFLxMOeOypOsCt0TO7/ELxJ5sfIQ=
github.com/bep/hugotestmods/mymounts v1.2.0/go.mod h1:eEF3JU4Kta3g3O2mxuHs4fVq0qMuJoOrr0OCADn1Lm4=
github.com/bep/hugotestmods/mypartials v1.0.7 h1:bgCfX1+KeccOLKURhYjz0Zltd0TbqFNMfoSfoxfnmHo=
github.com/bep/hugotestmods/mypartials v1.0.7/go.mod h1:QcrnlvaPq4q8ipJHVEOHaPbHkkusDpOOotAZheabfQ4=
github.com/bep/hugotestmods/myv2 v1.0.0/go.mod h1:ermD/5I+aeZG7Fndd11OsQkqr3jhelVyF5H0m5c4ki0=
github.com/spf13/hyde v0.0.0-20190427180251-e36f5799b396 h1:5nTmwFiAny/vD4L/KjUF0wV/K4oeizBYABTnJ9adClo=
github.com/spf13/hyde v0.0.0-20190427180251-e36f5799b396/go.mod h1:bUbC3Dko96GUFvVQH6V/ymNC09wIMAeK8FYVLuR522E=
