github.com/MunifTanjim/minimo v2.7.0+incompatible h1:YqRpmC7cIvx3np2CAk7QUTKOY5TpSVqJee8F8kfog2E=
github.com/MunifTanjim/minimo v2.7.0+incompatible/go.mod h1:WPY2x9fGC22LpUl1+LFt4WazQMmc62v++31QzAsGeO4=
github.com/alex-shpak/hugo-book v0.0.0-20190502065642-46e3b5840456 h1:8KR675h0+I1qfrpuO3BtqwwWHn92Pn0iOD8PFK78+Y4=
github.com/alex-shpak/hugo-book v0.0.0-20190502065642-46e3b5840456/go.mod h1:DvU1VD1ikK0ufuSgldRCwm4kVaEF0cQGdHUp16XjSVI=
github.com/bep/hugo-fresh v1.0.1/go.mod h1:UJ5khYATP9RHLWgL/0b2JYcFZWdyLHnvj8wi0x/Y0fI=
github.com/bep/hugotestmods v0.0.0-20190504085406-ca5c0f2dad18 h1:yyjFpylAAbshMRLzrg4qWACcxtjGKlDhOFueIcvRF9A=
github.com/bep/hugotestmods v0.0.0-20190504092647-6d7137290433 h1:iIb2o/mJWNfuYLRJSFJ7ERDs8atSjS8B8HRb8h294so=
github.com/bep/hugotestmods v0.0.0-20190505115919-6151520e2278 h1:Nv8Mfp5gysYkucn3qX0z934m8aeEvIkZM0f+0T7G85Y=
github.com/bep/hugotestmods v0.0.0-20190505121206-dd0f9a0a7770 h1:M0wkRb/1LCvp5BZc6i65/Jm0SKI9umAqOa9IZ1YvzQA=
github.com/bep/hugotestmods/myassets v1.0.2/go.mod h1:yMlFSL9pjn6K4otaMRzPv6YlaPqXee9/t05D2/HtfTY=
github.com/bep/hugotestmods/myassets v1.0.3/go.mod h1:yMlFSL9pjn6K4otaMRzPv6YlaPqXee9/t05D2/HtfTY=
github.com/bep/hugotestmods/myassets v1.0.4/go.mod h1:yMlFSL9pjn6K4otaMRzPv6YlaPqXee9/t05D2/HtfTY=
github.com/bep/hugotestmods/mypartials v1.0.2 h1:p+SrmATnLaPDZ8Ru8NqoF7ofz85LL9gQlaQ7j6XfaTk=
github.com/bep/hugotestmods/mypartials v1.0.2/go.mod h1:+7NpgQU+Ba+TzSvKgyHnEyLt+sx82Sk2f5eCVIa4Tv4=
github.com/bep/hugotestmods/mypartials v1.0.3 h1:9C1DTeq7A76yPW9zlvZBUUK9YmISVhZzZQ4IE3LQfzM=
github.com/bep/hugotestmods/mypartials v1.0.3/go.mod h1:JmsXsEIvnw9848V7Si+BvtfhpMdZEZLc7HP6yhODDT4=
github.com/bep/hugotestmods/mypartials v1.0.4 h1:6tGZco1F7guBmblPQMp7v1lUclApnjm26VAteOte5Js=
github.com/bep/hugotestmods/mypartials v1.0.4/go.mod h1:RQyQ50+3LFFEbwrZkXEiJ1oqu4tXpZeIvHbYZOjdZG4=
github.com/bep/hugotestmods/mypartials v1.0.5 h1:VJy6Tg8qdN5pMb3jGBB+R/osWtXlCRf5Cgn2GUpEFkc=
github.com/bep/hugotestmods/mypartials v1.0.5/go.mod h1:RQyQ50+3LFFEbwrZkXEiJ1oqu4tXpZeIvHbYZOjdZG4=
github.com/bep/hugotestmods/mypartials v1.0.6 h1:xut7b96skI9K9vQp/dVRd2cdwCZZJDEeWdA7/EU17cQ=
github.com/bep/hugotestmods/mypartials v1.0.6/go.mod h1:RQyQ50+3LFFEbwrZkXEiJ1oqu4tXpZeIvHbYZOjdZG4=
github.com/bep/hugotestmods/myshortcodes v1.0.0/go.mod h1:nlhUeKgz07ejqueXmP5pUgRmgoO7SGqSlo4psw80muU=
github.com/bep/hugotestmods/myshortcodes v1.0.1/go.mod h1:nlhUeKgz07ejqueXmP5pUgRmgoO7SGqSlo4psw80muU=
github.com/budparr/gohugo-theme-ananke v0.0.0-20190426145002-c195c12d7dd9 h1:ENUzcrpm/oLFUrOUMxOk3/1bcPncQKCqxgWyp9I9l70=
github.com/budparr/gohugo-theme-ananke v0.0.0-20190426145002-c195c12d7dd9/go.mod h1:9r7GN6AMPrEGmdPdobobcORrROP1f0ScFZ6TVYlIafw=
github.com/jeblister/kube v1.0.2 h1:2rSMsV38X8PIPF10SOzvsFc+ooAA2xeyNCd0lJKwYnM=
github.com/jeblister/kube v1.0.2/go.mod h1:kbMzzV3ZYfGx5zrDDycVafFgPIrJ1y/WIPDMTclRvnI=
github.com/spf13/hyde v0.0.0-20190427180251-e36f5799b396 h1:5nTmwFiAny/vD4L/KjUF0wV/K4oeizBYABTnJ9adClo=
github.com/spf13/hyde v0.0.0-20190427180251-e36f5799b396/go.mod h1:bUbC3Dko96GUFvVQH6V/ymNC09wIMAeK8FYVLuR522E=
github.com/themefisher/airspace-hugo v0.0.0-20190410090639-5bed00a5c1a5 h1:ASo/Of1nsECvNJnR1XJFbUmrD++KfqB6Aqo2gS3DJm0=
github.com/themefisher/airspace-hugo v0.0.0-20190410090639-5bed00a5c1a5/go.mod h1:C2qpVeCY3+cUl6RJFFFNDGbNGfQyEanvAy5nvnVnPIE=
github.com/themefisher/vex-hugo v0.0.0-20190316093950-3c41f36acf58 h1:HqBQ/WWKDFYsutM83UaKmjEQZipdU/JeavToSvplw2o=
github.com/themefisher/vex-hugo v0.0.0-20190316093950-3c41f36acf58/go.mod h1:Lyr4+tjut0uKgE9U1la3gTOU6pVzeeL/G6IkYx8Bhq8=
